
Microsoft Visual Studio Solution File, Format Version 12.00
# Visual Studio 15
VisualStudioVersion = 15.0.27130.0
MinimumVisualStudioVersion = 10.0.40219.1
Project("{FAE04EC0-301F-11D3-BF4B-00C04F79EFBC}") = "Ligipaasusysteem", "Ligipaasusysteem\Ligipaasusysteem.csproj", "{655FBF0B-8819-4A47-B45D-F5C075B120F4}"
EndProject
Global
	GlobalSection(SolutionConfigurationPlatforms) = preSolution
		Debug|Any CPU = Debug|Any CPU
		Release|Any CPU = Release|Any CPU
	EndGlobalSection
	GlobalSection(ProjectConfigurationPlatforms) = postSolution
		{655FBF0B-8819-4A47-B45D-F5C075B120F4}.Debug|Any CPU.ActiveCfg = Debug|Any CPU
		{655FBF0B-8819-4A47-B45D-F5C075B120F4}.Debug|Any CPU.Build.0 = Debug|Any CPU
		{655FBF0B-8819-4A47-B45D-F5C075B120F4}.Release|Any CPU.ActiveCfg = Release|Any CPU
		{655FBF0B-8819-4A47-B45D-F5C075B120F4}.Release|Any CPU.Build.0 = Release|Any CPU
	EndGlobalSection
	GlobalSection(SolutionProperties) = preSolution
		HideSolutionNode = FALSE
	EndGlobalSection
	GlobalSection(ExtensibilityGlobals) = postSolution
		SolutionGuid = {6852EA8D-404C-4311-B6FB-F16605158ACB}
	EndGlobalSection
EndGlobal
